{
  "name": "playwright-e2e-salesforce",
  "version": "1.0.0",
  "lockfileVersion": 3,
  "requires": true,
  "packages": {
    "": {
      "name": "playwright-e2e-salesforce",
      "version": "1.0.0",
      "devDependencies": {
        "@types/node": "^22.15.0",
        "eslint": "^9.25.1",
        "playwright": "^1.54.2",
        "typescript": "^5.8.3",
        "typescript-eslint": "^8.31.0"
      }
    }
  }
}
